
Microsoft Visual Studio Solution File, Format Version 12.00
# Visual Studio Version 16
VisualStudioVersion = 16.0.29709.97
MinimumVisualStudioVersion = 10.0.40219.1
Project("{FAE04EC0-301F-11D3-BF4B-00C04F79EFBC}") = "WindowsFormsApp1", "WindowsFormsApp1\WindowsFormsApp1.csproj", "{57927574-40AA-4BB9-A759-DEF6C51B33B8}"
EndProject
Global
	GlobalSection(SolutionConfigurationPlatforms) = preSolution
		Debug|Any CPU = Debug|Any CPU
		Release|Any CPU = Release|Any CPU
	EndGlobalSection
	GlobalSection(ProjectConfigurationPlatforms) = postSolution
		{57927574-40AA-4BB9-A759-DEF6C51B33B8}.Debug|Any CPU.ActiveCfg = Debug|Any CPU
		{57927574-40AA-4BB9-A759-DEF6C51B33B8}.Debug|Any CPU.Build.0 = Debug|Any CPU
		{57927574-40AA-4BB9-A759-DEF6C51B33B8}.Release|Any CPU.ActiveCfg = Release|Any CPU
		{57927574-40AA-4BB9-A759-DEF6C51B33B8}.Release|Any CPU.Build.0 = Release|Any CPU
	EndGlobalSection
	GlobalSection(SolutionProperties) = preSolution
		HideSolutionNode = FALSE
	EndGlobalSection
	GlobalSection(ExtensibilityGlobals) = postSolution
		SolutionGuid = {9B187766-EC1A-48ED-9C1B-7538E9FF970B}
	EndGlobalSection
EndGlobal
